#MicroXplorer Configuration settings - do not modify
SH.S_TIM1_CH4.0=TIM1_CH4,PWM Generation4 CH4
USART2.IPParameters=VirtualMode-Asynchronous
SPI3.Direction=SPI_DIRECTION_2LINES
SPI4.VirtualType=VM_MASTER
SPI3.VirtualType=VM_MASTER
SPI1.VirtualType=VM_MASTER
PB10.Mode=I2C
PC12.Locked=true
TIM1.IPParameters=Channel-PWM Generation1 CH1,Channel-PWM Generation2 CH2,Channel-PWM Generation3 CH3,Channel-PWM Generation4 CH4
PC12.Signal=SDMMC1_CK
PC7.Locked=true
PD8.Locked=true
RCC.RTCFreq_Value=32000
PA15\ (JTDI).Signal=S_TIM2_CH1
PD4.Locked=true
PD0.Locked=true
RCC.CpuClockFreq_Value=64000000
SH.S_TIM1_CH1.ConfNb=1
USART1.IPParameters=VirtualMode-Asynchronous
PB13.Signal=UART5_TX
PinOutPanel.RotationAngle=0
RCC.MCO1PinFreq_Value=64000000
RCC.AHB4Freq_Value=64000000
RCC.PLLSource=RCC_PLLSOURCE_HSI
USART3.VirtualMode-Asynchronous=VM_ASYNC
RCC.LPTIM1Freq_Value=64000000
NVIC.SVCall_IRQn=true\:0\:0\:false\:false\:true\:false\:false
PA14\ (JTCK/SWCLK).Signal=DEBUG_JTCK-SWCLK
SPI1.Direction=SPI_DIRECTION_2LINES
RCC.I2C4Freq_Value=64000000
PE2.Mode=Full_Duplex_Master
TIM2.IPParameters=Channel-PWM Generation1 CH1
PD4.Signal=USART2_RTS
PB6.Signal=USART1_TX
PC7.Signal=S_TIM8_CH2
PB6.Mode=Asynchronous
RCC.DIVQ3Freq_Value=129000000
SPI1.CalculateBaudRate=64.5 MBits/s
PD0.Signal=FDCAN1_RX
PD8.Signal=USART3_TX
PE5.Signal=SPI4_MISO
PE10.Locked=true
PE1.Signal=UART8_TX
PB13.Locked=true
PE14.Locked=true
ProjectManager.ProjectBuild=false
TIM4.Channel-PWM\ Generation3\ CH3=TIM_CHANNEL_3
NVIC.UsageFault_IRQn=true\:0\:0\:false\:false\:true\:false\:false
PA0.Locked=true
PB2.Signal=GPIO_Output
PA4.Locked=true
ProjectManager.FirmwarePackage=STM32Cube FW_H7 V1.8.0
MxDb.Version=DB.6.0.0
ProjectManager.BackupPrevious=false
RCC.FMCFreq_Value=64000000
SH.S_TIM12_CH1.0=TIM12_CH1,PWM Generation1 CH1
TIM1.Channel-PWM\ Generation1\ CH1=TIM_CHANNEL_1
PE9.Signal=S_TIM1_CH1
PE9.Locked=true
RCC.USART16Freq_Value=64000000
PA0.Mode=Asynchronous
PC9.Mode=SD_4_bits_Wide_bus
SH.S_TIM4_CH2.0=TIM4_CH2,PWM Generation2 CH2
PE2.Signal=SPI4_SCK
PA14\ (JTCK/SWCLK).Mode=Serial_Wire
PE1.Locked=true
PB6.Locked=true
NVIC.PendSV_IRQn=true\:0\:0\:false\:false\:true\:false\:false
PA13\ (JTMS/SWDIO).Locked=true
PD3.Mode=CTS_RTS
RCC.DIVR2Freq_Value=129000000
PE10.Signal=GPIO_Output
ProjectManager.HalAssertFull=false
SH.S_TIM8_CH1.ConfNb=1
ADC1.SamplingTime-0\#ChannelRegularConversion=ADC_SAMPLETIME_1CYCLE_5
RCC.DIVP2Freq_Value=129000000
PA0.Signal=UART4_TX
RCC.MCO2PinFreq_Value=64000000
PB9.Signal=I2C1_SDA
Mcu.Package=TFBGA100
PB1.Signal=GPIO_Output
PA5.Locked=true
PD11.Locked=true
SPI3.Mode=SPI_MODE_MASTER
PD12.Signal=USART3_RTS
PA14\ (JTCK/SWCLK).Locked=true
VP_SYS_VS_Systick.Signal=SYS_VS_Systick
USART3.IPParameters=VirtualMode-Asynchronous
RCC.DFSDMFreq_Value=64000000
PC11.Mode=SD_4_bits_Wide_bus
RCC.TraceFreq_Value=64000000
PD4.Mode=CTS_RTS
RCC.APB4Freq_Value=64000000
RCC.CECFreq_Value=32000
RCC.SAI23Freq_Value=129000000
NVIC.BusFault_IRQn=true\:0\:0\:false\:false\:true\:false\:false
RCC.LPUART1Freq_Value=64000000
USB_OTG_FS.IPParameters=VirtualMode
PB13.Mode=Asynchronous
PE6.Locked=true
PD5.Locked=true
PD15.Signal=EVENTOUT
ProjectManager.CustomerFirmwarePackage=
RCC.VCO3OutputFreq_Value=258000000
PA5.Mode=Full_Duplex_Master
ProjectManager.ProjectFileName=MCU Pinouts.ioc
ADC1.Rank-0\#ChannelRegularConversion=1
Mcu.PinsNb=72
PC11.Locked=true
Mcu.Pin71=VP_SYS_VS_Systick
ADC1.IPParameters=Rank-0\#ChannelRegularConversion,Channel-0\#ChannelRegularConversion,SamplingTime-0\#ChannelRegularConversion,OffsetNumber-0\#ChannelRegularConversion,OffsetSignedSaturation-0\#ChannelRegularConversion,NbrOfConversionFlag,master
PC13.Locked=true
ADC1.OffsetNumber-0\#ChannelRegularConversion=ADC_OFFSET_NONE
PC13.Signal=EVENTOUT
RCC.SWPMI1Freq_Value=64000000
PD3.Signal=USART2_CTS
PE1.Mode=Asynchronous
Mcu.Pin70=PD12
PC6.Signal=S_TIM8_CH1
PD1.Signal=FDCAN1_TX
Mcu.Pin68=PB12
Mcu.Pin69=PD8
PB14.Locked=true
RCC.QSPIFreq_Value=64000000
PD6.Mode=Asynchronous
Mcu.Pin62=PA3
Mcu.Pin63=PA7
Mcu.Pin60=PD9
Mcu.Pin61=PD13
Mcu.Pin66=PE13
Mcu.Pin67=PB11
SH.S_TIM8_CH2.0=TIM8_CH2,PWM Generation2 CH2
Mcu.Pin64=PB1
Mcu.Pin65=PE9
PE8.Mode=Asynchronous
RCC.D1CPREFreq_Value=64000000
TIM3.Channel-PWM\ Generation3\ CH3=TIM_CHANNEL_3
RCC.USART234578Freq_Value=64000000
PA11.Locked=true
RCC.Tim1OutputFreq_Value=64000000
Mcu.Pin59=PB13
Mcu.Pin57=PE8
RCC.SPI123Freq_Value=129000000
PC15-OSC32_OUT\ (OSC32_OUT).Locked=true
Mcu.Pin58=PB10
PB11.Mode=I2C
TIM4.IPParameters=Channel-PWM Generation2 CH2,Channel-PWM Generation3 CH3
Mcu.Pin51=PE11
Mcu.Pin52=PD14
Mcu.Pin50=PE7
Mcu.Pin55=PA6
Mcu.Pin56=PB0
Mcu.Pin53=PB14
Mcu.Pin54=PA2
PC6.Locked=true
PA9.Signal=GPIO_Input
TIM1.Channel-PWM\ Generation2\ CH2=TIM_CHANNEL_2
PB9.Locked=true
PB5.Locked=true
PD8.Mode=Asynchronous
Mcu.Pin48=PA5
Mcu.Pin49=PC5
Mcu.Pin46=PB15
ADC1.OffsetSignedSaturation-0\#ChannelRegularConversion=DISABLE
Mcu.Pin47=PA1
PB10.Signal=I2C2_SCL
PB14.Signal=S_TIM12_CH1
Mcu.Pin40=PC4
PA5.Signal=SPI1_SCK
Mcu.Pin41=PB2
SH.S_TIM8_CH1.0=TIM8_CH1,PWM Generation1 CH1
PC12.Mode=SD_4_bits_Wide_bus
Mcu.Pin44=PD15
Mcu.Pin45=PD11
Mcu.Pin42=PE10
Mcu.Pin43=PE14
ProjectManager.LastFirmware=true
PD1.Mode=FDCANFD
SH.S_TIM12_CH1.ConfNb=1
RCC.AHB12Freq_Value=64000000
PE14.Signal=S_TIM1_CH4
PA1.Mode=Asynchronous
PE6.Mode=Full_Duplex_Master
Mcu.Pin37=PC6
Mcu.Pin38=PA0
Mcu.Pin35=PC1
Mcu.Pin36=PC8
PE8.Signal=UART7_TX
SPI1.Mode=SPI_MODE_MASTER
Mcu.Pin39=PA4
RCC.RNGFreq_Value=48000000
Mcu.Pin30=PC2_C
Mcu.Pin33=PC9
TIM3.IPParameters=Channel-PWM Generation3 CH3
Mcu.Pin34=PC7
Mcu.Pin31=PE6
Mcu.Pin32=PD1
PA9.Locked=true
NVIC.NonMaskableInt_IRQn=true\:0\:0\:false\:false\:true\:false\:false
PB4\ (NJTRST).Mode=Full_Duplex_Master
PE7.Locked=true
ProjectManager.FreePins=false
RCC.LPTIM2Freq_Value=64000000
Mcu.Pin26=PE5
Mcu.Pin27=PE0
Mcu.Pin24=PA9
ProjectManager.UnderRoot=false
Mcu.Pin25=PA11
PE13.Locked=true
Mcu.Pin28=PD4
PC8.Mode=SD_4_bits_Wide_bus
Mcu.Pin29=PD0
PA4.Signal=GPIO_Output
Mcu.Pin22=PD3
PB5.Signal=SPI3_MOSI
Mcu.Pin23=PC12
Mcu.Pin20=PB5
ADC1.master=1
Mcu.Pin21=PD6
PA3.Locked=true
PD12.Mode=CTS_RTS
NVIC.ForceEnableDMAVector=true
PD11.Signal=USART3_CTS
NVIC.MemoryManagement_IRQn=true\:0\:0\:false\:false\:true\:false\:false
ProjectManager.CompilerOptimize=6
PD15.Locked=true
PA11.Signal=USB_OTG_FS_DM
ProjectManager.HeapSize=0x200
Mcu.Pin15=PD2
NVIC.HardFault_IRQn=true\:0\:0\:false\:false\:true\:false\:false
Mcu.Pin16=PC11
Mcu.Pin13=PB6
Mcu.Pin14=PD5
Mcu.Pin19=PE1
RCC.LPTIM345Freq_Value=64000000
ProjectManager.ComputerToolchain=false
Mcu.Pin17=PC10
Mcu.Pin18=PA12
RCC.LTDCFreq_Value=129000000
NVIC.PriorityGroup=NVIC_PRIORITYGROUP_4
Mcu.Pin11=PE3
Mcu.Pin12=PB8
PB3\ (JTDO/TRACESWO).Mode=Full_Duplex_Master
PB8.Mode=I2C
Mcu.Pin10=PC15-OSC32_OUT (OSC32_OUT)
PE3.Signal=EVENTOUT
PE2.Locked=true
TIM1.Channel-PWM\ Generation3\ CH3=TIM_CHANNEL_3
PD2.Signal=SDMMC1_CMD
RCC.HCLK3ClockFreq_Value=64000000
PD1.Locked=true
PB0.Signal=S_TIM3_CH3
SH.S_TIM1_CH4.ConfNb=1
TIM12.IPParameters=Channel-PWM Generation1 CH1
PC1.Signal=ADCx_INP11
PA13\ (JTMS/SWDIO).Signal=DEBUG_JTMS-SWDIO
Mcu.Family=STM32H7
RCC.DIVQ2Freq_Value=129000000
ProjectManager.MainLocation=Core/Src
PA6.Mode=Full_Duplex_Master
SH.S_TIM4_CH2.ConfNb=1
RCC.SAI1Freq_Value=129000000
RCC.CortexFreq_Value=64000000
ProjectManager.KeepUserCode=true
Mcu.UserName=STM32H743VIHx
PC10.Locked=true
PC10.Signal=SDMMC1_D2
PC5.Locked=true
SPI4.Direction=SPI_DIRECTION_2LINES
ProjectManager.functionlistsort=1-MX_GPIO_Init-GPIO-false-HAL-true,2-SystemClock_Config-RCC-false-HAL-false,3-MX_I2C1_Init-I2C1-false-HAL-true,4-MX_SPI1_Init-SPI1-false-HAL-true,5-MX_USB_OTG_FS_PCD_Init-USB_OTG_FS-false-HAL-true,6-MX_UART4_Init-UART4-false-HAL-true,7-MX_UART5_Init-UART5-false-HAL-true,8-MX_UART7_Init-UART7-false-HAL-true,9-MX_USART2_UART_Init-USART2-false-HAL-true,10-MX_USART3_UART_Init-USART3-false-HAL-true,11-MX_SDMMC1_SD_Init-SDMMC1-false-HAL-true,12-MX_USART1_UART_Init-USART1-false-HAL-true,13-MX_ADC1_Init-ADC1-false-HAL-true,14-MX_UART8_Init-UART8-false-HAL-true,15-MX_FDCAN1_Init-FDCAN1-false-HAL-true,16-MX_I2C2_Init-I2C2-false-HAL-true,17-MX_SPI3_Init-SPI3-false-HAL-true,18-MX_SPI4_Init-SPI4-false-HAL-true,19-MX_TIM1_Init-TIM1-false-HAL-true,20-MX_TIM2_Init-TIM2-false-HAL-true,21-MX_TIM3_Init-TIM3-false-HAL-true,22-MX_TIM4_Init-TIM4-false-HAL-true,23-MX_TIM8_Init-TIM8-false-HAL-true,24-MX_TIM12_Init-TIM12-false-HAL-true,0-MX_CORTEX_M7_Init-CORTEX_M7-false-HAL-true
PA11.Mode=Device_Only
PC9.Locked=true
PD6.Locked=true
PD2.Locked=true
RCC.VCO2OutputFreq_Value=258000000
SH.S_TIM1_CH3.ConfNb=1
SH.ADCx_INP11.ConfNb=1
PC1.Locked=true
PB11.Signal=I2C2_SDA
PB15.Signal=GPIO_Output
PD9.Mode=Asynchronous
ProjectManager.StackSize=0x400
RCC.VCOInput3Freq_Value=2000000
PD13.Signal=S_TIM4_CH2
Mcu.IP4=I2C1
Mcu.IP5=I2C2
Mcu.IP2=DEBUG
PD13.Locked=true
Mcu.IP3=FDCAN1
Mcu.IP0=ADC1
PA12.Locked=true
Mcu.IP1=CORTEX_M7
PA12.Signal=USB_OTG_FS_DP
Mcu.UserConstants=
SPI4.Mode=SPI_MODE_MASTER
RCC.DIVP3Freq_Value=129000000
RCC.SDMMCFreq_Value=129000000
Mcu.ThirdPartyNb=0
TIM1.Channel-PWM\ Generation4\ CH4=TIM_CHANNEL_4
RCC.HCLKFreq_Value=64000000
TIM8.Channel-PWM\ Generation1\ CH1=TIM_CHANNEL_1
Mcu.IPNb=27
ProjectManager.PreviousToolchain=
RCC.SPDIFRXFreq_Value=129000000
Mcu.Pin6=PB3 (JTDO/TRACESWO)
Mcu.Pin7=PA15 (JTDI)
Mcu.Pin8=PA14 (JTCK/SWCLK)
Mcu.Pin9=PA13 (JTMS/SWDIO)
SPI4.IPParameters=VirtualType,Mode,Direction,CalculateBaudRate
PC2_C.Signal=GPIO_Output
Mcu.Pin0=PC14-OSC32_IN (OSC32_IN)
PD5.Mode=Asynchronous
Mcu.Pin1=PC13
TIM8.IPParameters=Channel-PWM Generation1 CH1,Channel-PWM Generation2 CH2
GPIO.groupedBy=Group By Peripherals
Mcu.Pin2=PE2
RCC.HRTIMFreq_Value=64000000
Mcu.Pin3=PB9
Mcu.Pin4=PB7
Mcu.Pin5=PB4 (NJTRST)
ADC1.Channel-0\#ChannelRegularConversion=ADC_CHANNEL_14
RCC.DIVR3Freq_Value=129000000
NVIC.DebugMonitor_IRQn=true\:0\:0\:false\:false\:true\:false\:false
Mcu.IP10=SPI3
USART2.VirtualMode-Asynchronous=VM_ASYNC
NVIC.SysTick_IRQn=true\:0\:0\:false\:false\:true\:false\:true
Mcu.IP12=SYS
Mcu.IP11=SPI4
Mcu.IP18=TIM12
Mcu.IP17=TIM8
Mcu.IP19=UART4
RCC.DIVP1Freq_Value=129000000
Mcu.IP14=TIM2
Mcu.IP13=TIM1
PE13.Signal=S_TIM1_CH3
Mcu.IP16=TIM4
Mcu.IP15=TIM3
PE8.Locked=true
PB5.Mode=Full_Duplex_Master
File.Version=6
PB7.Signal=USART1_RX
SH.S_TIM2_CH1.ConfNb=1
PE3.Locked=true
Mcu.IP21=UART7
PB8.Locked=true
Mcu.IP20=UART5
Mcu.IP23=USART1
TIM2.Channel-PWM\ Generation1\ CH1=TIM_CHANNEL_1
Mcu.IP22=UART8
Mcu.IP25=USART3
Mcu.IP24=USART2
Mcu.IP26=USB_OTG_FS
PB0.Locked=true
PC2_C.Locked=true
ProjectManager.ProjectName=MCU Pinouts
RCC.APB3Freq_Value=64000000
PB4\ (NJTRST).Locked=true
PA6.Signal=SPI1_MISO
PB12.Mode=Asynchronous
PA7.Locked=true
SH.ADCx_INP15.ConfNb=1
ProjectManager.ToolChainLocation=
PD14.Locked=true
TIM8.Channel-PWM\ Generation2\ CH2=TIM_CHANNEL_2
USB_OTG_FS.VirtualMode=Device_Only
RCC.DIVR1Freq_Value=129000000
PC4.Locked=true
SPI3.IPParameters=VirtualType,Mode,Direction,CalculateBaudRate
SH.ADCx_INP15.0=ADC1_INP15,IN15-Single-Ended
PC5.Signal=GPIO_Output
PE7.Signal=UART7_RX
PD6.Signal=USART2_RX
RCC.Tim2OutputFreq_Value=64000000
RCC.DFSDMACLkFreq_Value=129000000
PB15.Locked=true
PA3.Signal=ADCx_INP15
PA2.Locked=true
RCC.PLLSourceVirtual=RCC_PLLSOURCE_HSI
SH.S_TIM2_CH1.0=TIM2_CH1,PWM Generation1 CH1
PA7.Mode=Full_Duplex_Master
PA13\ (JTMS/SWDIO).Mode=Serial_Wire
ProjectManager.NoMain=false
SPI1.IPParameters=VirtualType,Mode,Direction,CalculateBaudRate
PC11.Signal=SDMMC1_D3
RCC.SAI4BFreq_Value=129000000
PC8.Signal=SDMMC1_D0
PC10.Mode=SD_4_bits_Wide_bus
PC4.Signal=GPIO_Output
SH.ADCx_INP14.0=ADC1_INP14,IN14-Single-Ended
ProjectManager.DefaultFWLocation=true
PD5.Signal=USART2_TX
PD9.Signal=USART3_RX
PB12.Locked=true
ProjectManager.DeletePrevious=true
PB10.Locked=true
SH.S_TIM3_CH3.0=TIM3_CH3,PWM Generation3 CH3
PinOutPanel.CurrentBGAView=Top
RCC.FamilyName=M
PC14-OSC32_IN\ (OSC32_IN).Locked=true
PD12.Locked=true
RCC.SPI6Freq_Value=64000000
USART1.VirtualMode-Asynchronous=VM_ASYNC
RCC.SPI45Freq_Value=64000000
SH.S_TIM1_CH1.0=TIM1_CH1,PWM Generation1 CH1
PB3\ (JTDO/TRACESWO).Locked=true
PB3\ (JTDO/TRACESWO).Signal=SPI3_SCK
ProjectManager.TargetToolchain=EWARM V8.32
PC15-OSC32_OUT\ (OSC32_OUT).Signal=EVENTOUT
RCC.VCO1OutputFreq_Value=258000000
SH.S_TIM3_CH3.ConfNb=1
SH.S_TIM4_CH3.0=TIM4_CH3,PWM Generation3 CH3
PB9.Mode=I2C
RCC.AXIClockFreq_Value=64000000
ProjectManager.RegisterCallBack=
PE0.Locked=true
RCC.USBFreq_Value=129000000
PE11.Signal=S_TIM1_CH2
PD3.Locked=true
PA1.Signal=UART4_RX
RCC.CKPERFreq_Value=64000000
PB1.Locked=true
SH.S_TIM1_CH2.ConfNb=1
SH.S_TIM4_CH3.ConfNb=1
PD2.Mode=SD_4_bits_Wide_bus
board=custom
RCC.VCOInput1Freq_Value=2000000
TIM12.Channel-PWM\ Generation1\ CH1=TIM_CHANNEL_1
TIM4.Channel-PWM\ Generation2\ CH2=TIM_CHANNEL_2
RCC.APB2Freq_Value=64000000
SPI3.CalculateBaudRate=64.5 MBits/s
MxCube.Version=6.0.0
SH.S_TIM1_CH2.0=TIM1_CH2,PWM Generation2 CH2
RCC.FDCANFreq_Value=129000000
PE5.Mode=Full_Duplex_Master
RCC.ADCFreq_Value=129000000
VP_SYS_VS_Systick.Mode=SysTick
SPI4.CalculateBaudRate=32.0 MBits/s
PE5.Locked=true
PE6.Signal=SPI4_MOSI
RCC.IPParameters=ADCFreq_Value,AHB12Freq_Value,AHB4Freq_Value,APB1Freq_Value,APB2Freq_Value,APB3Freq_Value,APB4Freq_Value,AXIClockFreq_Value,CECFreq_Value,CKPERFreq_Value,CortexFreq_Value,CpuClockFreq_Value,D1CPREFreq_Value,DFSDMACLkFreq_Value,DFSDMFreq_Value,DIVP1Freq_Value,DIVP2Freq_Value,DIVP3Freq_Value,DIVQ1Freq_Value,DIVQ2Freq_Value,DIVQ3Freq_Value,DIVR1Freq_Value,DIVR2Freq_Value,DIVR3Freq_Value,FDCANFreq_Value,FMCFreq_Value,FamilyName,HCLK3ClockFreq_Value,HCLKFreq_Value,HRTIMFreq_Value,I2C123Freq_Value,I2C4Freq_Value,LPTIM1Freq_Value,LPTIM2Freq_Value,LPTIM345Freq_Value,LPUART1Freq_Value,LTDCFreq_Value,MCO1PinFreq_Value,MCO2PinFreq_Value,PLLSource,PLLSourceVirtual,QSPIFreq_Value,RNGFreq_Value,RTCFreq_Value,SAI1Freq_Value,SAI23Freq_Value,SAI4AFreq_Value,SAI4BFreq_Value,SDMMCFreq_Value,SPDIFRXFreq_Value,SPI123Freq_Value,SPI45Freq_Value,SPI6Freq_Value,SWPMI1Freq_Value,SYSCLKFreq_VALUE,Tim1OutputFreq_Value,Tim2OutputFreq_Value,TraceFreq_Value,USART16Freq_Value,USART234578Freq_Value,USBFreq_Value,VCO1OutputFreq_Value,VCO2OutputFreq_Value,VCO3OutputFreq_Value,VCOInput1Freq_Value,VCOInput2Freq_Value,VCOInput3Freq_Value
PE11.Locked=true
ProjectManager.AskForMigrate=true
PE0.Signal=UART8_RX
Mcu.Name=STM32H743V(G-I)Hx
PD0.Mode=FDCANFD
PA2.Signal=ADCx_INP14
PB2.Locked=true
Mcu.IP8=SDMMC1
Mcu.IP9=SPI1
PD14.Signal=S_TIM4_CH3
Mcu.IP6=NVIC
Mcu.IP7=RCC
ProjectManager.CoupleFile=false
RCC.SYSCLKFreq_VALUE=64000000
PE7.Mode=Asynchronous
RCC.I2C123Freq_Value=64000000
PA1.Locked=true
PA12.Mode=Device_Only
KeepUserPlacement=false
PC14-OSC32_IN\ (OSC32_IN).Signal=EVENTOUT
SH.ADCx_INP14.ConfNb=1
PB7.Mode=Asynchronous
PD11.Mode=CTS_RTS
SH.S_TIM1_CH3.0=TIM1_CH3,PWM Generation3 CH3
RCC.SAI4AFreq_Value=129000000
SH.ADCx_INP11.0=ADC1_INP11,IN11-Single-Ended
ADC1.NbrOfConversionFlag=1
PB7.Locked=true
RCC.DIVQ1Freq_Value=129000000
PB8.Signal=I2C1_SCL
PC8.Locked=true
PC9.Signal=SDMMC1_D1
PA15\ (JTDI).Locked=true
RCC.VCOInput2Freq_Value=2000000
PD9.Locked=true
RCC.APB1Freq_Value=64000000
PB11.Locked=true
ProjectManager.DeviceId=STM32H743VIHx
SH.S_TIM8_CH2.ConfNb=1
PE0.Mode=Asynchronous
PB12.Signal=UART5_RX
ProjectManager.LibraryCopy=0
PA7.Signal=SPI1_MOSI
PB4\ (NJTRST).Signal=SPI3_MISO
PA6.Locked=true
